
Microsoft Visual Studio Solution File, Format Version 12.00
# Visual Studio 15
VisualStudioVersion = 15.0.28010.2003
MinimumVisualStudioVersion = 10.0.40219.1
Project("{FAE04EC0-301F-11D3-BF4B-00C04F79EFBC}") = "IfStatementExample", "IfStatementExample\IfStatementExample.csproj", "{16585B1C-F005-4331-AD1F-E510C1C34E6B}"
EndProject
Global
	GlobalSection(SolutionConfigurationPlatforms) = preSolution
		Debug|Any CPU = Debug|Any CPU
		Release|Any CPU = Release|Any CPU
	EndGlobalSection
	GlobalSection(ProjectConfigurationPlatforms) = postSolution
		{16585B1C-F005-4331-AD1F-E510C1C34E6B}.Debug|Any CPU.ActiveCfg = Debug|Any CPU
		{16585B1C-F005-4331-AD1F-E510C1C34E6B}.Debug|Any CPU.Build.0 = Debug|Any CPU
		{16585B1C-F005-4331-AD1F-E510C1C34E6B}.Release|Any CPU.ActiveCfg = Release|Any CPU
		{16585B1C-F005-4331-AD1F-E510C1C34E6B}.Release|Any CPU.Build.0 = Release|Any CPU
	EndGlobalSection
	GlobalSection(SolutionProperties) = preSolution
		HideSolutionNode = FALSE
	EndGlobalSection
	GlobalSection(ExtensibilityGlobals) = postSolution
		SolutionGuid = {EC82319F-4329-41C0-819C-F38A3D49AC94}
	EndGlobalSection
EndGlobal
